
Microsoft Visual Studio Solution File, Format Version 12.00
# Visual Studio 15
VisualStudioVersion = 15.0.27703.2000
MinimumVisualStudioVersion = 10.0.40219.1
Project("{FAE04EC0-301F-11D3-BF4B-00C04F79EFBC}") = "MierukaPlus", "MierukaPlus\MierukaPlus.csproj", "{302E8BA4-A749-40D7-A53C-029BAD46F7E4}"
EndProject
Global
	GlobalSection(SolutionConfigurationPlatforms) = preSolution
		Debug|Any CPU = Debug|Any CPU
		Release|Any CPU = Release|Any CPU
	EndGlobalSection
	GlobalSection(ProjectConfigurationPlatforms) = postSolution
		{302E8BA4-A749-40D7-A53C-029BAD46F7E4}.Debug|Any CPU.ActiveCfg = Debug|Any CPU
		{302E8BA4-A749-40D7-A53C-029BAD46F7E4}.Debug|Any CPU.Build.0 = Debug|Any CPU
		{302E8BA4-A749-40D7-A53C-029BAD46F7E4}.Release|Any CPU.ActiveCfg = Release|Any CPU
		{302E8BA4-A749-40D7-A53C-029BAD46F7E4}.Release|Any CPU.Build.0 = Release|Any CPU
	EndGlobalSection
	GlobalSection(SolutionProperties) = preSolution
		HideSolutionNode = FALSE
	EndGlobalSection
	GlobalSection(ExtensibilityGlobals) = postSolution
		SolutionGuid = {CA2632FA-C22E-45C2-B396-95293A0EDB0D}
	EndGlobalSection
EndGlobal
